
Microsoft Visual Studio Solution File, Format Version 12.00
# Visual Studio 15
VisualStudioVersion = 15.0.27130.2010
MinimumVisualStudioVersion = 10.0.40219.1
Project("{FAE04EC0-301F-11D3-BF4B-00C04F79EFBC}") = "LunchScraper.Web", "LunchScraper.Web\LunchScraper.Web.csproj", "{C9B7CAC2-9E64-4E71-8A4F-A47ED0AC1712}"
EndProject
Project("{2150E333-8FDC-42A3-9474-1A3956D46DE8}") = ".nuget", ".nuget", "{C747BFF9-8EAD-4F7E-AD56-2AFF0C608B6C}"
	ProjectSection(SolutionItems) = preProject
		.nuget\packages.config = .nuget\packages.config
	EndProjectSection
EndProject
Project("{FAE04EC0-301F-11D3-BF4B-00C04F79EFBC}") = "LunchScraper.Core", "LunchScraper.Core\LunchScraper.Core.csproj", "{A3861353-B695-450D-9E5E-7DD5FB538F26}"
EndProject
Project("{FAE04EC0-301F-11D3-BF4B-00C04F79EFBC}") = "LunchScraper.Core.Tests", "LunchScraper.Core.Tests\LunchScraper.Core.Tests.csproj", "{F7365284-BD43-4135-BC0A-3119680C8AD3}"
EndProject
Project("{FAE04EC0-301F-11D3-BF4B-00C04F79EFBC}") = "LunchScaper.MenuReaderJob", "LunchScraper.MenuReaderJob\LunchScaper.MenuReaderJob.csproj", "{AA81FF8D-989A-43A9-BC71-402A9D10EC2E}"
EndProject
Project("{FAE04EC0-301F-11D3-BF4B-00C04F79EFBC}") = "LunchScraper.DataStructures", "LunchScraper.DataStructures\LunchScraper.DataStructures.csproj", "{BEDD792C-0BE0-497F-A788-BCD30CC2E375}"
EndProject
Project("{FAE04EC0-301F-11D3-BF4B-00C04F79EFBC}") = "LunchScraper.DataStructures.Tests", "LunchScraper.DataStructures.Tests\LunchScraper.DataStructures.Tests.csproj", "{95F1639C-BBA4-41C8-BC05-B1388E3A3413}"
EndProject
Project("{2150E333-8FDC-42A3-9474-1A3956D46DE8}") = "Tests", "Tests", "{6CC27110-68A7-4473-ACC0-7AEE443E16AF}"
EndProject
Project("{2150E333-8FDC-42A3-9474-1A3956D46DE8}") = "Solution Items", "Solution Items", "{0AACDE5B-B9F1-48FE-8B2C-E5299F7A3229}"
	ProjectSection(SolutionItems) = preProject
		.editorconfig = .editorconfig
	EndProjectSection
EndProject
Global
	GlobalSection(SolutionConfigurationPlatforms) = preSolution
		Debug|Any CPU = Debug|Any CPU
		Release|Any CPU = Release|Any CPU
	EndGlobalSection
	GlobalSection(ProjectConfigurationPlatforms) = postSolution
		{C9B7CAC2-9E64-4E71-8A4F-A47ED0AC1712}.Debug|Any CPU.ActiveCfg = Debug|Any CPU
		{C9B7CAC2-9E64-4E71-8A4F-A47ED0AC1712}.Debug|Any CPU.Build.0 = Debug|Any CPU
		{C9B7CAC2-9E64-4E71-8A4F-A47ED0AC1712}.Release|Any CPU.ActiveCfg = Release|Any CPU
		{C9B7CAC2-9E64-4E71-8A4F-A47ED0AC1712}.Release|Any CPU.Build.0 = Release|Any CPU
		{A3861353-B695-450D-9E5E-7DD5FB538F26}.Debug|Any CPU.ActiveCfg = Debug|Any CPU
		{A3861353-B695-450D-9E5E-7DD5FB538F26}.Debug|Any CPU.Build.0 = Debug|Any CPU
		{A3861353-B695-450D-9E5E-7DD5FB538F26}.Release|Any CPU.ActiveCfg = Release|Any CPU
		{A3861353-B695-450D-9E5E-7DD5FB538F26}.Release|Any CPU.Build.0 = Release|Any CPU
		{F7365284-BD43-4135-BC0A-3119680C8AD3}.Debug|Any CPU.ActiveCfg = Debug|Any CPU
		{F7365284-BD43-4135-BC0A-3119680C8AD3}.Debug|Any CPU.Build.0 = Debug|Any CPU
		{F7365284-BD43-4135-BC0A-3119680C8AD3}.Release|Any CPU.ActiveCfg = Release|Any CPU
		{F7365284-BD43-4135-BC0A-3119680C8AD3}.Release|Any CPU.Build.0 = Release|Any CPU
		{AA81FF8D-989A-43A9-BC71-402A9D10EC2E}.Debug|Any CPU.ActiveCfg = Debug|Any CPU
		{AA81FF8D-989A-43A9-BC71-402A9D10EC2E}.Debug|Any CPU.Build.0 = Debug|Any CPU
		{AA81FF8D-989A-43A9-BC71-402A9D10EC2E}.Release|Any CPU.ActiveCfg = Release|Any CPU
		{AA81FF8D-989A-43A9-BC71-402A9D10EC2E}.Release|Any CPU.Build.0 = Release|Any CPU
		{BEDD792C-0BE0-497F-A788-BCD30CC2E375}.Debug|Any CPU.ActiveCfg = Debug|Any CPU
		{BEDD792C-0BE0-497F-A788-BCD30CC2E375}.Debug|Any CPU.Build.0 = Debug|Any CPU
		{BEDD792C-0BE0-497F-A788-BCD30CC2E375}.Release|Any CPU.ActiveCfg = Release|Any CPU
		{BEDD792C-0BE0-497F-A788-BCD30CC2E375}.Release|Any CPU.Build.0 = Release|Any CPU
		{95F1639C-BBA4-41C8-BC05-B1388E3A3413}.Debug|Any CPU.ActiveCfg = Debug|Any CPU
		{95F1639C-BBA4-41C8-BC05-B1388E3A3413}.Debug|Any CPU.Build.0 = Debug|Any CPU
		{95F1639C-BBA4-41C8-BC05-B1388E3A3413}.Release|Any CPU.ActiveCfg = Release|Any CPU
		{95F1639C-BBA4-41C8-BC05-B1388E3A3413}.Release|Any CPU.Build.0 = Release|Any CPU
	EndGlobalSection
	GlobalSection(SolutionProperties) = preSolution
		HideSolutionNode = FALSE
	EndGlobalSection
	GlobalSection(NestedProjects) = preSolution
		{F7365284-BD43-4135-BC0A-3119680C8AD3} = {6CC27110-68A7-4473-ACC0-7AEE443E16AF}
		{95F1639C-BBA4-41C8-BC05-B1388E3A3413} = {6CC27110-68A7-4473-ACC0-7AEE443E16AF}
	EndGlobalSection
	GlobalSection(ExtensibilityGlobals) = postSolution
		SolutionGuid = {D35B2B86-C98E-41D1-AABD-8C78834CA94F}
	EndGlobalSection
EndGlobal
